
Microsoft Visual Studio Solution File, Format Version 11.00
# Visual C# Express 2010
Project("{FAE04EC0-301F-11D3-BF4B-00C04F79EFBC}") = "ColorSort", "ColorSort\ColorSort.csproj", "{9BA056FE-75FC-4FE6-8515-6B1E16B9F5FF}"
EndProject
Global
	GlobalSection(SolutionConfigurationPlatforms) = preSolution
		Debug|x86 = Debug|x86
		Release|x86 = Release|x86
	EndGlobalSection
	GlobalSection(ProjectConfigurationPlatforms) = postSolution
		{9BA056FE-75FC-4FE6-8515-6B1E16B9F5FF}.Debug|x86.ActiveCfg = Debug|x86
		{9BA056FE-75FC-4FE6-8515-6B1E16B9F5FF}.Debug|x86.Build.0 = Debug|x86
		{9BA056FE-75FC-4FE6-8515-6B1E16B9F5FF}.Release|x86.ActiveCfg = Release|x86
		{9BA056FE-75FC-4FE6-8515-6B1E16B9F5FF}.Release|x86.Build.0 = Release|x86
	EndGlobalSection
	GlobalSection(SolutionProperties) = preSolution
		HideSolutionNode = FALSE
	EndGlobalSection
EndGlobal
